PODS:
  - fluid-slider (1.1.0):
    - pop
  - pop (1.0.12)

DEPENDENCIES:
  - fluid-slider

SPEC REPOS:
  trunk:
    - fluid-slider
    - pop

SPEC CHECKSUMS:
  fluid-slider: 68037ac7247f16a89f3e24ff5d0167c8eea6f50b
  pop: d582054913807fd11fd50bfe6a539d91c7e1a55a

PODFILE CHECKSUM: 75c559b7916fee68f95965dd12adab42d83a0ed0

COCOAPODS: 1.8.0
