// !$*UTF8*$!
{
	archiveVersion = 1;
	classes = {
	};
	objectVersion = 51;
	objects = {

/* Begin PBXBuildFile section */
		3702A0BE9539AB8A3762F33D /* Pods_Noeglen.framework in Frameworks */ = {isa = PBXBuildFile; fileRef = 9B2672D2A40AC4A2ABB9BB7E /* Pods_Noeglen.framework */; };
		4108E21D2387E3D600EF88BE /* VideoCollectionViewCell.swift in Sources */ = {isa = PBXBuildFile; fileRef = 4108E21B2387E3D600EF88BE /* VideoCollectionViewCell.swift */; };
		4108E21E2387E3D600EF88BE /* VideoCollectionViewCell.xib in Resources */ = {isa = PBXBuildFile; fileRef = 4108E21C2387E3D600EF88BE /* VideoCollectionViewCell.xib */; };
		412586F923900863001A6286 /* PopUpViewController.swift in Sources */ = {isa = PBXBuildFile; fileRef = 412586F823900863001A6286 /* PopUpViewController.swift */; };
		412586FB2392869D001A6286 /* ListService.swift in Sources */ = {isa = PBXBuildFile; fileRef = 412586FA2392869D001A6286 /* ListService.swift */; };
		412D66E72362F02A0069F180 /* StressBarometerController.swift in Sources */ = {isa = PBXBuildFile; fileRef = 412D66E62362F02A0069F180 /* StressBarometerController.swift */; };
		417AF2172382F75F00D7115C /* Favorites.storyboard in Resources */ = {isa = PBXBuildFile; fileRef = 417AF2162382F75F00D7115C /* Favorites.storyboard */; };
		417AF2192382F99E00D7115C /* NyttigViden.storyboard in Resources */ = {isa = PBXBuildFile; fileRef = 417AF2182382F99E00D7115C /* NyttigViden.storyboard */; };
		417AF21B2382FA0A00D7115C /* VideoForloeb.storyboard in Resources */ = {isa = PBXBuildFile; fileRef = 417AF21A2382FA0A00D7115C /* VideoForloeb.storyboard */; };
		417AF21D2382FA6300D7115C /* Dagbog.storyboard in Resources */ = {isa = PBXBuildFile; fileRef = 417AF21C2382FA6300D7115C /* Dagbog.storyboard */; };
		417AF21F2382FAAA00D7115C /* Oevelser.storyboard in Resources */ = {isa = PBXBuildFile; fileRef = 417AF21E2382FAAA00D7115C /* Oevelser.storyboard */; };
		417AF2212383343100D7115C /* AddDiaryController.swift in Sources */ = {isa = PBXBuildFile; fileRef = 417AF2202383343100D7115C /* AddDiaryController.swift */; };
		417CB51F237ECA7500CB225C /* GoogleService-Info.plist in Resources */ = {isa = PBXBuildFile; fileRef = 417CB51E237ECA7400CB225C /* GoogleService-Info.plist */; };
		41A2FED3233CC613000B4CE1 /* AppDelegate.swift in Sources */ = {isa = PBXBuildFile; fileRef = 41A2FED2233CC613000B4CE1 /* AppDelegate.swift */; };
		41A2FED5233CC613000B4CE1 /* SceneDelegate.swift in Sources */ = {isa = PBXBuildFile; fileRef = 41A2FED4233CC613000B4CE1 /* SceneDelegate.swift */; };
		41A2FED7233CC613000B4CE1 /* ViewController.swift in Sources */ = {isa = PBXBuildFile; fileRef = 41A2FED6233CC613000B4CE1 /* ViewController.swift */; };
		41A2FEDA233CC613000B4CE1 /* Main.storyboard in Resources */ = {isa = PBXBuildFile; fileRef = 41A2FED8233CC613000B4CE1 /* Main.storyboard */; };
		41A2FEDC233CC614000B4CE1 /* Assets.xcassets in Resources */ = {isa = PBXBuildFile; fileRef = 41A2FEDB233CC614000B4CE1 /* Assets.xcassets */; };
		41A2FEDF233CC614000B4CE1 /* LaunchScreen.storyboard in Resources */ = {isa = PBXBuildFile; fileRef = 41A2FEDD233CC614000B4CE1 /* LaunchScreen.storyboard */; };
		41A2FEE7233CC673000B4CE1 /* .gitignore in Resources */ = {isa = PBXBuildFile; fileRef = 41A2FEE6233CC673000B4CE1 /* .gitignore */; };
		41FE8C25236054130097488C /* DiaryCell.swift in Sources */ = {isa = PBXBuildFile; fileRef = 41FE8C24236054130097488C /* DiaryCell.swift */; };
		41FE8C272360553C0097488C /* Diary.swift in Sources */ = {isa = PBXBuildFile; fileRef = 41FE8C262360553C0097488C /* Diary.swift */; };
		41FE8C2E23607C5D0097488C /* DiaryController.swift in Sources */ = {isa = PBXBuildFile; fileRef = 41FE8C2D23607C5D0097488C /* DiaryController.swift */; };
		41FE8C302360AFEE0097488C /* ShowDiaryController.swift in Sources */ = {isa = PBXBuildFile; fileRef = 41FE8C2F2360AFEE0097488C /* ShowDiaryController.swift */; };
		A1479946238FC24C00DB1691 /* OevelserCollectionViewController.swift in Sources */ = {isa = PBXBuildFile; fileRef = A1479945238FC24C00DB1691 /* OevelserCollectionViewController.swift */; };
		A1479948238FC36500DB1691 /* CellCollectionViewCell.swift in Sources */ = {isa = PBXBuildFile; fileRef = A1479947238FC36500DB1691 /* CellCollectionViewCell.swift */; };
		A17018D8236194AE0093953D /* VFViewController.swift in Sources */ = {isa = PBXBuildFile; fileRef = A17018D7236194AE0093953D /* VFViewController.swift */; };
/* End PBXBuildFile section */

/* Begin PBXFileReference section */
		4108E21B2387E3D600EF88BE /* VideoCollectionViewCell.swift */ = {isa = PBXFileReference; lastKnownFileType = sourcecode.swift; path = VideoCollectionViewCell.swift; sourceTree = "<group>"; };
		4108E21C2387E3D600EF88BE /* VideoCollectionViewCell.xib */ = {isa = PBXFileReference; lastKnownFileType = file.xib; path = VideoCollectionViewCell.xib; sourceTree = "<group>"; };
		412586F823900863001A6286 /* PopUpViewController.swift */ = {isa = PBXFileReference; lastKnownFileType = sourcecode.swift; path = PopUpViewController.swift; sourceTree = "<group>"; };
		412586FA2392869D001A6286 /* ListService.swift */ = {isa = PBXFileReference; lastKnownFileType = sourcecode.swift; path = ListService.swift; sourceTree = "<group>"; };
		412D66E62362F02A0069F180 /* StressBarometerController.swift */ = {isa = PBXFileReference; lastKnownFileType = sourcecode.swift; path = StressBarometerController.swift; sourceTree = "<group>"; };
		417AF2162382F75F00D7115C /* Favorites.storyboard */ = {isa = PBXFileReference; lastKnownFileType = file.storyboard; path = Favorites.storyboard; sourceTree = "<group>"; };
		417AF2182382F99E00D7115C /* NyttigViden.storyboard */ = {isa = PBXFileReference; lastKnownFileType = file.storyboard; path = NyttigViden.storyboard; sourceTree = "<group>"; };
		417AF21A2382FA0A00D7115C /* VideoForloeb.storyboard */ = {isa = PBXFileReference; lastKnownFileType = file.storyboard; path = VideoForloeb.storyboard; sourceTree = "<group>"; };
		417AF21C2382FA6300D7115C /* Dagbog.storyboard */ = {isa = PBXFileReference; lastKnownFileType = file.storyboard; path = Dagbog.storyboard; sourceTree = "<group>"; };
		417AF21E2382FAAA00D7115C /* Oevelser.storyboard */ = {isa = PBXFileReference; lastKnownFileType = file.storyboard; path = Oevelser.storyboard; sourceTree = "<group>"; };
		417AF2202383343100D7115C /* AddDiaryController.swift */ = {isa = PBXFileReference; lastKnownFileType = sourcecode.swift; path = AddDiaryController.swift; sourceTree = "<group>"; };
		417CB51C237D3CFA00CB225C /* da */ = {isa = PBXFileReference; lastKnownFileType = text.plist.strings; name = da; path = da.lproj/Main.strings; sourceTree = "<group>"; };
		417CB51D237D3CFA00CB225C /* da */ = {isa = PBXFileReference; lastKnownFileType = text.plist.strings; name = da; path = da.lproj/LaunchScreen.strings; sourceTree = "<group>"; };
		417CB51E237ECA7400CB225C /* GoogleService-Info.plist */ = {isa = PBXFileReference; fileEncoding = 4; lastKnownFileType = text.plist.xml; path = "GoogleService-Info.plist"; sourceTree = "<group>"; };
		41A2FECF233CC613000B4CE1 /* Noeglen.app */ = {isa = PBXFileReference; explicitFileType = wrapper.application; includeInIndex = 0; path = Noeglen.app; sourceTree = BUILT_PRODUCTS_DIR; };
		41A2FED2233CC613000B4CE1 /* AppDelegate.swift */ = {isa = PBXFileReference; lastKnownFileType = sourcecode.swift; path = AppDelegate.swift; sourceTree = "<group>"; };
		41A2FED4233CC613000B4CE1 /* SceneDelegate.swift */ = {isa = PBXFileReference; lastKnownFileType = sourcecode.swift; path = SceneDelegate.swift; sourceTree = "<group>"; };
		41A2FED6233CC613000B4CE1 /* ViewController.swift */ = {isa = PBXFileReference; lastKnownFileType = sourcecode.swift; path = ViewController.swift; sourceTree = "<group>"; };
		41A2FED9233CC613000B4CE1 /* Base */ = {isa = PBXFileReference; lastKnownFileType = file.storyboard; name = Base; path = Base.lproj/Main.storyboard; sourceTree = "<group>"; };
		41A2FEDB233CC614000B4CE1 /* Assets.xcassets */ = {isa = PBXFileReference; lastKnownFileType = folder.assetcatalog; path = Assets.xcassets; sourceTree = "<group>"; };
		41A2FEDE233CC614000B4CE1 /* Base */ = {isa = PBXFileReference; lastKnownFileType = file.storyboard; name = Base; path = Base.lproj/LaunchScreen.storyboard; sourceTree = "<group>"; };
		41A2FEE0233CC614000B4CE1 /* Info.plist */ = {isa = PBXFileReference; lastKnownFileType = text.plist.xml; path = Info.plist; sourceTree = "<group>"; };
		41A2FEE6233CC673000B4CE1 /* .gitignore */ = {isa = PBXFileReference; lastKnownFileType = text; path = .gitignore; sourceTree = "<group>"; };
		41FE8C24236054130097488C /* DiaryCell.swift */ = {isa = PBXFileReference; lastKnownFileType = sourcecode.swift; path = DiaryCell.swift; sourceTree = "<group>"; };
		41FE8C262360553C0097488C /* Diary.swift */ = {isa = PBXFileReference; lastKnownFileType = sourcecode.swift; path = Diary.swift; sourceTree = "<group>"; };
		41FE8C2D23607C5D0097488C /* DiaryController.swift */ = {isa = PBXFileReference; lastKnownFileType = sourcecode.swift; path = DiaryController.swift; sourceTree = "<group>"; };
		41FE8C2F2360AFEE0097488C /* ShowDiaryController.swift */ = {isa = PBXFileReference; lastKnownFileType = sourcecode.swift; path = ShowDiaryController.swift; sourceTree = "<group>"; };
		9B2672D2A40AC4A2ABB9BB7E /* Pods_Noeglen.framework */ = {isa = PBXFileReference; explicitFileType = wrapper.framework; includeInIndex = 0; path = Pods_Noeglen.framework; sourceTree = BUILT_PRODUCTS_DIR; };
		A1479945238FC24C00DB1691 /* OevelserCollectionViewController.swift */ = {isa = PBXFileReference; lastKnownFileType = sourcecode.swift; path = OevelserCollectionViewController.swift; sourceTree = "<group>"; };
		A1479947238FC36500DB1691 /* CellCollectionViewCell.swift */ = {isa = PBXFileReference; lastKnownFileType = sourcecode.swift; path = CellCollectionViewCell.swift; sourceTree = "<group>"; };
		A17018D7236194AE0093953D /* VFViewController.swift */ = {isa = PBXFileReference; lastKnownFileType = sourcecode.swift; path = VFViewController.swift; sourceTree = "<group>"; };
		A31EA410B7273EF6CE85411B /* Pods-Noeglen.debug.xcconfig */ = {isa = PBXFileReference; includeInIndex = 1; lastKnownFileType = text.xcconfig; name = "Pods-Noeglen.debug.xcconfig"; path = "Target Support Files/Pods-Noeglen/Pods-Noeglen.debug.xcconfig"; sourceTree = "<group>"; };
		ED5194D14D882EEC11CE170F /* Pods-Noeglen.release.xcconfig */ = {isa = PBXFileReference; includeInIndex = 1; lastKnownFileType = text.xcconfig; name = "Pods-Noeglen.release.xcconfig"; path = "Target Support Files/Pods-Noeglen/Pods-Noeglen.release.xcconfig"; sourceTree = "<group>"; };
/* End PBXFileReference section */

/* Begin PBXFrameworksBuildPhase section */
		41A2FECC233CC613000B4CE1 /* Frameworks */ = {
			isa = PBXFrameworksBuildPhase;
			buildActionMask = 2147483647;
			files = (
				3702A0BE9539AB8A3762F33D /* Pods_Noeglen.framework in Frameworks */,
			);
			runOnlyForDeploymentPostprocessing = 0;
		};
/* End PBXFrameworksBuildPhase section */

/* Begin PBXGroup section */
		4108E2182386D1E600EF88BE /* Diary */ = {
			isa = PBXGroup;
			children = (
				417AF2202383343100D7115C /* AddDiaryController.swift */,
				41FE8C2F2360AFEE0097488C /* ShowDiaryController.swift */,
				41FE8C2D23607C5D0097488C /* DiaryController.swift */,
				41FE8C24236054130097488C /* DiaryCell.swift */,
				412D66E62362F02A0069F180 /* StressBarometerController.swift */,
				412586F823900863001A6286 /* PopUpViewController.swift */,
			);
			path = Diary;
			sourceTree = "<group>";
		};
		4108E2192386D1FC00EF88BE /* Videos */ = {
			isa = PBXGroup;
			children = (
				A17018D7236194AE0093953D /* VFViewController.swift */,
				4108E21B2387E3D600EF88BE /* VideoCollectionViewCell.swift */,
				4108E21C2387E3D600EF88BE /* VideoCollectionViewCell.xib */,
			);
			path = Videos;
			sourceTree = "<group>";
		};
		4108E21A2386D22200EF88BE /* Oevelser */ = {
			isa = PBXGroup;
			children = (
				A1479945238FC24C00DB1691 /* OevelserCollectionViewController.swift */,
				A1479947238FC36500DB1691 /* CellCollectionViewCell.swift */,
			);
			path = Oevelser;
			sourceTree = "<group>";
		};
		417AF2152382F6BE00D7115C /* Views */ = {
			isa = PBXGroup;
			children = (
				41A2FED8233CC613000B4CE1 /* Main.storyboard */,
				417AF2162382F75F00D7115C /* Favorites.storyboard */,
				417AF2182382F99E00D7115C /* NyttigViden.storyboard */,
				417AF21A2382FA0A00D7115C /* VideoForloeb.storyboard */,
				417AF21C2382FA6300D7115C /* Dagbog.storyboard */,
				417AF21E2382FAAA00D7115C /* Oevelser.storyboard */,
			);
			path = Views;
			sourceTree = "<group>";
		};
		417AF2222384389C00D7115C /* Models */ = {
			isa = PBXGroup;
			children = (
				41FE8C262360553C0097488C /* Diary.swift */,
				412586FA2392869D001A6286 /* ListService.swift */,
			);
			path = Models;
			sourceTree = "<group>";
		};
		41A2FEC6233CC613000B4CE1 = {
			isa = PBXGroup;
			children = (
				41A2FEE6233CC673000B4CE1 /* .gitignore */,
				41A2FED1233CC613000B4CE1 /* Noeglen */,
				41A2FED0233CC613000B4CE1 /* Products */,
				53304FC669410D9717CB486B /* Frameworks */,
				5648846DB3CDB64024004B70 /* Pods */,
			);
			sourceTree = "<group>";
		};
		41A2FED0233CC613000B4CE1 /* Products */ = {
			isa = PBXGroup;
			children = (
				41A2FECF233CC613000B4CE1 /* Noeglen.app */,
			);
			name = Products;
			sourceTree = "<group>";
		};
		41A2FED1233CC613000B4CE1 /* Noeglen */ = {
			isa = PBXGroup;
			children = (
				417AF2222384389C00D7115C /* Models */,
				417AF2152382F6BE00D7115C /* Views */,
				41FE8C2A236057F50097488C /* Controllers */,
				41A2FED2233CC613000B4CE1 /* AppDelegate.swift */,
				41A2FED4233CC613000B4CE1 /* SceneDelegate.swift */,
				41A2FEDB233CC614000B4CE1 /* Assets.xcassets */,
				41A2FEDD233CC614000B4CE1 /* LaunchScreen.storyboard */,
				41A2FEE0233CC614000B4CE1 /* Info.plist */,
				417CB51E237ECA7400CB225C /* GoogleService-Info.plist */,
			);
			path = Noeglen;
			sourceTree = "<group>";
		};
		41FE8C2A236057F50097488C /* Controllers */ = {
			isa = PBXGroup;
			children = (
				4108E21A2386D22200EF88BE /* Oevelser */,
				4108E2192386D1FC00EF88BE /* Videos */,
				4108E2182386D1E600EF88BE /* Diary */,
				41A2FED6233CC613000B4CE1 /* ViewController.swift */,
			);
			path = Controllers;
			sourceTree = "<group>";
		};
		53304FC669410D9717CB486B /* Frameworks */ = {
			isa = PBXGroup;
			children = (
				9B2672D2A40AC4A2ABB9BB7E /* Pods_Noeglen.framework */,
			);
			name = Frameworks;
			sourceTree = "<group>";
		};
		5648846DB3CDB64024004B70 /* Pods */ = {
			isa = PBXGroup;
			children = (
				A31EA410B7273EF6CE85411B /* Pods-Noeglen.debug.xcconfig */,
				ED5194D14D882EEC11CE170F /* Pods-Noeglen.release.xcconfig */,
			);
			path = Pods;
			sourceTree = "<group>";
		};
/* End PBXGroup section */

/* Begin PBXNativeTarget section */
		41A2FECE233CC613000B4CE1 /* Noeglen */ = {
			isa = PBXNativeTarget;
			buildConfigurationList = 41A2FEE3233CC614000B4CE1 /* Build configuration list for PBXNativeTarget "Noeglen" */;
			buildPhases = (
				095288D7CBDF4EE1EBB65A28 /* [CP] Check Pods Manifest.lock */,
				41A2FECB233CC613000B4CE1 /* Sources */,
				41A2FECC233CC613000B4CE1 /* Frameworks */,
				41A2FECD233CC613000B4CE1 /* Resources */,
				5D5EAA83507C532D64CAB7EF /* [CP] Embed Pods Frameworks */,
				417CB520237ED16C00CB225C /* ShellScript */,
			);
			buildRules = (
			);
			dependencies = (
			);
			name = Noeglen;
			productName = Noeglen;
			productReference = 41A2FECF233CC613000B4CE1 /* Noeglen.app */;
			productType = "com.apple.product-type.application";
		};
/* End PBXNativeTarget section */

/* Begin PBXProject section */
		41A2FEC7233CC613000B4CE1 /* Project object */ = {
			isa = PBXProject;
			attributes = {
				LastSwiftUpdateCheck = 1100;
				LastUpgradeCheck = 1100;
				ORGANIZATIONNAME = "Caroline Ankjær Andersen";
				TargetAttributes = {
					41A2FECE233CC613000B4CE1 = {
						CreatedOnToolsVersion = 11.0;
					};
				};
			};
			buildConfigurationList = 41A2FECA233CC613000B4CE1 /* Build configuration list for PBXProject "Noeglen" */;
			compatibilityVersion = "Xcode 9.3";
			developmentRegion = en;
			hasScannedForEncodings = 0;
			knownRegions = (
				en,
				Base,
				da,
			);
			mainGroup = 41A2FEC6233CC613000B4CE1;
			productRefGroup = 41A2FED0233CC613000B4CE1 /* Products */;
			projectDirPath = "";
			projectRoot = "";
			targets = (
				41A2FECE233CC613000B4CE1 /* Noeglen */,
			);
		};
/* End PBXProject section */

/* Begin PBXResourcesBuildPhase section */
		41A2FECD233CC613000B4CE1 /* Resources */ = {
			isa = PBXResourcesBuildPhase;
			buildActionMask = 2147483647;
			files = (
				4108E21E2387E3D600EF88BE /* VideoCollectionViewCell.xib in Resources */,
				417AF21D2382FA6300D7115C /* Dagbog.storyboard in Resources */,
				417AF21F2382FAAA00D7115C /* Oevelser.storyboard in Resources */,
				41A2FEE7233CC673000B4CE1 /* .gitignore in Resources */,
				41A2FEDF233CC614000B4CE1 /* LaunchScreen.storyboard in Resources */,
				417AF2192382F99E00D7115C /* NyttigViden.storyboard in Resources */,
				417AF2172382F75F00D7115C /* Favorites.storyboard in Resources */,
				417CB51F237ECA7500CB225C /* GoogleService-Info.plist in Resources */,
				41A2FEDC233CC614000B4CE1 /* Assets.xcassets in Resources */,
				417AF21B2382FA0A00D7115C /* VideoForloeb.storyboard in Resources */,
				41A2FEDA233CC613000B4CE1 /* Main.storyboard in Resources */,
			);
			runOnlyForDeploymentPostprocessing = 0;
		};
/* End PBXResourcesBuildPhase section */

/* Begin PBXShellScriptBuildPhase section */
		095288D7CBDF4EE1EBB65A28 /* [CP] Check Pods Manifest.lock */ = {
			isa = PBXShellScriptBuildPhase;
			buildActionMask = 2147483647;
			files = (
			);
			inputFileListPaths = (
			);
			inputPaths = (
				"${PODS_PODFILE_DIR_PATH}/Podfile.lock",
				"${PODS_ROOT}/Manifest.lock",
			);
			name = "[CP] Check Pods Manifest.lock";
			outputFileListPaths = (
			);
			outputPaths = (
				"$(DERIVED_FILE_DIR)/Pods-Noeglen-checkManifestLockResult.txt",
			);
			runOnlyForDeploymentPostprocessing = 0;
			shellPath = /bin/sh;
			shellScript = "diff \"${PODS_PODFILE_DIR_PATH}/Podfile.lock\" \"${PODS_ROOT}/Manifest.lock\" > /dev/null\nif [ $? != 0 ] ; then\n    # print error to STDERR\n    echo \"error: The sandbox is not in sync with the Podfile.lock. Run 'pod install' or update your CocoaPods installation.\" >&2\n    exit 1\nfi\n# This output is used by Xcode 'outputs' to avoid re-running this script phase.\necho \"SUCCESS\" > \"${SCRIPT_OUTPUT_FILE_0}\"\n";
			showEnvVarsInLog = 0;
		};
		417CB520237ED16C00CB225C /* ShellScript */ = {
			isa = PBXShellScriptBuildPhase;
			buildActionMask = 2147483647;
			files = (
			);
			inputFileListPaths = (
			);
			inputPaths = (
				"$(SRCROOT)/$(BUILT_PRODUCTS_DIR)/$(INFOPLIST_PATH)",
			);
			outputFileListPaths = (
			);
			outputPaths = (
			);
			runOnlyForDeploymentPostprocessing = 0;
			shellPath = /bin/sh;
			shellScript = "# Type a script or drag a script file from your workspace to insert its path.\n\"${PODS_ROOT}/Fabric/run\"\n";
		};
		5D5EAA83507C532D64CAB7EF /* [CP] Embed Pods Frameworks */ = {
			isa = PBXShellScriptBuildPhase;
			buildActionMask = 2147483647;
			files = (
			);
			inputFileListPaths = (
				"${PODS_ROOT}/Target Support Files/Pods-Noeglen/Pods-Noeglen-frameworks-${CONFIGURATION}-input-files.xcfilelist",
			);
			name = "[CP] Embed Pods Frameworks";
			outputFileListPaths = (
				"${PODS_ROOT}/Target Support Files/Pods-Noeglen/Pods-Noeglen-frameworks-${CONFIGURATION}-output-files.xcfilelist",
			);
			runOnlyForDeploymentPostprocessing = 0;
			shellPath = /bin/sh;
			shellScript = "\"${PODS_ROOT}/Target Support Files/Pods-Noeglen/Pods-Noeglen-frameworks.sh\"\n";
			showEnvVarsInLog = 0;
		};
/* End PBXShellScriptBuildPhase section */

/* Begin PBXSourcesBuildPhase section */
		41A2FECB233CC613000B4CE1 /* Sources */ = {
			isa = PBXSourcesBuildPhase;
			buildActionMask = 2147483647;
			files = (
				41A2FED7233CC613000B4CE1 /* ViewController.swift in Sources */,
				417AF2212383343100D7115C /* AddDiaryController.swift in Sources */,
				4108E21D2387E3D600EF88BE /* VideoCollectionViewCell.swift in Sources */,
				41FE8C2E23607C5D0097488C /* DiaryController.swift in Sources */,
				41FE8C272360553C0097488C /* Diary.swift in Sources */,
				41A2FED3233CC613000B4CE1 /* AppDelegate.swift in Sources */,
				A17018D8236194AE0093953D /* VFViewController.swift in Sources */,
				41FE8C302360AFEE0097488C /* ShowDiaryController.swift in Sources */,
				A1479948238FC36500DB1691 /* CellCollectionViewCell.swift in Sources */,
				412586F923900863001A6286 /* PopUpViewController.swift in Sources */,
				41A2FED5233CC613000B4CE1 /* SceneDelegate.swift in Sources */,
				A1479946238FC24C00DB1691 /* OevelserCollectionViewController.swift in Sources */,
				412586FB2392869D001A6286 /* ListService.swift in Sources */,
				412D66E72362F02A0069F180 /* StressBarometerController.swift in Sources */,
				41FE8C25236054130097488C /* DiaryCell.swift in Sources */,
			);
			runOnlyForDeploymentPostprocessing = 0;
		};
/* End PBXSourcesBuildPhase section */

/* Begin PBXVariantGroup section */
		41A2FED8233CC613000B4CE1 /* Main.storyboard */ = {
			isa = PBXVariantGroup;
			children = (
				41A2FED9233CC613000B4CE1 /* Base */,
				417CB51C237D3CFA00CB225C /* da */,
			);
			name = Main.storyboard;
			sourceTree = "<group>";
		};
		41A2FEDD233CC614000B4CE1 /* LaunchScreen.storyboard */ = {
			isa = PBXVariantGroup;
			children = (
				41A2FEDE233CC614000B4CE1 /* Base */,
				417CB51D237D3CFA00CB225C /* da */,
			);
			name = LaunchScreen.storyboard;
			sourceTree = "<group>";
		};
/* End PBXVariantGroup section */

/* Begin XCBuildConfiguration section */
		41A2FEE1233CC614000B4CE1 /* Debug */ = {
			isa = XCBuildConfiguration;
			buildSettings = {
				ALWAYS_SEARCH_USER_PATHS = NO;
				CLANG_ANALYZER_LOCALIZABILITY_NONLOCALIZED = YES;
				CLANG_ANALYZER_NONNULL = YES;
				CLANG_ANALYZER_NUMBER_OBJECT_CONVERSION = YES_AGGRESSIVE;
				CLANG_CXX_LANGUAGE_STANDARD = "gnu++14";
				CLANG_CXX_LIBRARY = "libc++";
				CLANG_ENABLE_MODULES = YES;
				CLANG_ENABLE_OBJC_ARC = YES;
				CLANG_ENABLE_OBJC_WEAK = YES;
				CLANG_WARN_BLOCK_CAPTURE_AUTORELEASING = YES;
				CLANG_WARN_BOOL_CONVERSION = YES;
				CLANG_WARN_COMMA = YES;
				CLANG_WARN_CONSTANT_CONVERSION = YES;
				CLANG_WARN_DEPRECATED_OBJC_IMPLEMENTATIONS = YES;
				CLANG_WARN_DIRECT_OBJC_ISA_USAGE = YES_ERROR;
				CLANG_WARN_DOCUMENTATION_COMMENTS = YES;
				CLANG_WARN_EMPTY_BODY = YES;
				CLANG_WARN_ENUM_CONVERSION = YES;
				CLANG_WARN_INFINITE_RECURSION = YES;
				CLANG_WARN_INT_CONVERSION = YES;
				CLANG_WARN_NON_LITERAL_NULL_CONVERSION = YES;
				CLANG_WARN_OBJC_IMPLICIT_RETAIN_SELF = YES;
				CLANG_WARN_OBJC_LITERAL_CONVERSION = YES;
				CLANG_WARN_OBJC_ROOT_CLASS = YES_ERROR;
				CLANG_WARN_RANGE_LOOP_ANALYSIS = YES;
				CLANG_WARN_STRICT_PROTOTYPES = YES;
				CLANG_WARN_SUSPICIOUS_MOVE = YES;
				CLANG_WARN_UNGUARDED_AVAILABILITY = YES_AGGRESSIVE;
				CLANG_WARN_UNREACHABLE_CODE = YES;
				CLANG_WARN__DUPLICATE_METHOD_MATCH = YES;
				COPY_PHASE_STRIP = NO;
				DEBUG_INFORMATION_FORMAT = dwarf;
				ENABLE_STRICT_OBJC_MSGSEND = YES;
				ENABLE_TESTABILITY = YES;
				GCC_C_LANGUAGE_STANDARD = gnu11;
				GCC_DYNAMIC_NO_PIC = NO;
				GCC_NO_COMMON_BLOCKS = YES;
				GCC_OPTIMIZATION_LEVEL = 0;
				GCC_PREPROCESSOR_DEFINITIONS = (
					"DEBUG=1",
					"$(inherited)",
				);
				GCC_WARN_64_TO_32_BIT_CONVERSION = YES;
				GCC_WARN_ABOUT_RETURN_TYPE = YES_ERROR;
				GCC_WARN_UNDECLARED_SELECTOR = YES;
				GCC_WARN_UNINITIALIZED_AUTOS = YES_AGGRESSIVE;
				GCC_WARN_UNUSED_FUNCTION = YES;
				GCC_WARN_UNUSED_VARIABLE = YES;
				IPHONEOS_DEPLOYMENT_TARGET = 13.0;
				MTL_ENABLE_DEBUG_INFO = INCLUDE_SOURCE;
				MTL_FAST_MATH = YES;
				ONLY_ACTIVE_ARCH = YES;
				SDKROOT = iphoneos;
				SWIFT_ACTIVE_COMPILATION_CONDITIONS = DEBUG;
				SWIFT_OPTIMIZATION_LEVEL = "-Onone";
			};
			name = Debug;
		};
		41A2FEE2233CC614000B4CE1 /* Release */ = {
			isa = XCBuildConfiguration;
			buildSettings = {
				ALWAYS_SEARCH_USER_PATHS = NO;
				CLANG_ANALYZER_LOCALIZABILITY_NONLOCALIZED = YES;
				CLANG_ANALYZER_NONNULL = YES;
				CLANG_ANALYZER_NUMBER_OBJECT_CONVERSION = YES_AGGRESSIVE;
				CLANG_CXX_LANGUAGE_STANDARD = "gnu++14";
				CLANG_CXX_LIBRARY = "libc++";
				CLANG_ENABLE_MODULES = YES;
				CLANG_ENABLE_OBJC_ARC = YES;
				CLANG_ENABLE_OBJC_WEAK = YES;
				CLANG_WARN_BLOCK_CAPTURE_AUTORELEASING = YES;
				CLANG_WARN_BOOL_CONVERSION = YES;
				CLANG_WARN_COMMA = YES;
				CLANG_WARN_CONSTANT_CONVERSION = YES;
				CLANG_WARN_DEPRECATED_OBJC_IMPLEMENTATIONS = YES;
				CLANG_WARN_DIRECT_OBJC_ISA_USAGE = YES_ERROR;
				CLANG_WARN_DOCUMENTATION_COMMENTS = YES;
				CLANG_WARN_EMPTY_BODY = YES;
				CLANG_WARN_ENUM_CONVERSION = YES;
				CLANG_WARN_INFINITE_RECURSION = YES;
				CLANG_WARN_INT_CONVERSION = YES;
				CLANG_WARN_NON_LITERAL_NULL_CONVERSION = YES;
				CLANG_WARN_OBJC_IMPLICIT_RETAIN_SELF = YES;
				CLANG_WARN_OBJC_LITERAL_CONVERSION = YES;
				CLANG_WARN_OBJC_ROOT_CLASS = YES_ERROR;
				CLANG_WARN_RANGE_LOOP_ANALYSIS = YES;
				CLANG_WARN_STRICT_PROTOTYPES = YES;
				CLANG_WARN_SUSPICIOUS_MOVE = YES;
				CLANG_WARN_UNGUARDED_AVAILABILITY = YES_AGGRESSIVE;
				CLANG_WARN_UNREACHABLE_CODE = YES;
				CLANG_WARN__DUPLICATE_METHOD_MATCH = YES;
				COPY_PHASE_STRIP = NO;
				DEBUG_INFORMATION_FORMAT = "dwarf-with-dsym";
				ENABLE_NS_ASSERTIONS = NO;
				ENABLE_STRICT_OBJC_MSGSEND = YES;
				GCC_C_LANGUAGE_STANDARD = gnu11;
				GCC_NO_COMMON_BLOCKS = YES;
				GCC_WARN_64_TO_32_BIT_CONVERSION = YES;
				GCC_WARN_ABOUT_RETURN_TYPE = YES_ERROR;
				GCC_WARN_UNDECLARED_SELECTOR = YES;
				GCC_WARN_UNINITIALIZED_AUTOS = YES_AGGRESSIVE;
				GCC_WARN_UNUSED_FUNCTION = YES;
				GCC_WARN_UNUSED_VARIABLE = YES;
				IPHONEOS_DEPLOYMENT_TARGET = 13.0;
				MTL_ENABLE_DEBUG_INFO = NO;
				MTL_FAST_MATH = YES;
				SDKROOT = iphoneos;
				SWIFT_COMPILATION_MODE = wholemodule;
				SWIFT_OPTIMIZATION_LEVEL = "-O";
				VALIDATE_PRODUCT = YES;
			};
			name = Release;
		};
		41A2FEE4233CC614000B4CE1 /* Debug */ = {
			isa = XCBuildConfiguration;
			baseConfigurationReference = A31EA410B7273EF6CE85411B /* Pods-Noeglen.debug.xcconfig */;
			buildSettings = {
				ASSETCATALOG_COMPILER_APPICON_NAME = AppIcon;
				CODE_SIGN_STYLE = Automatic;
				DEBUG_INFORMATION_FORMAT = "dwarf-with-dsym";
				DEVELOPMENT_TEAM = AT4HNWYF4P;
				INFOPLIST_FILE = Noeglen/Info.plist;
				LD_RUNPATH_SEARCH_PATHS = (
					"$(inherited)",
					"@executable_path/Frameworks",
				);
				PRODUCT_BUNDLE_IDENTIFIER = com.carlankjaer.Noeglen;
				PRODUCT_NAME = "$(TARGET_NAME)";
				SWIFT_VERSION = 5.0;
				TARGETED_DEVICE_FAMILY = "1,2";
			};
			name = Debug;
		};
		41A2FEE5233CC614000B4CE1 /* Release */ = {
			isa = XCBuildConfiguration;
			baseConfigurationReference = ED5194D14D882EEC11CE170F /* Pods-Noeglen.release.xcconfig */;
			buildSettings = {
				ASSETCATALOG_COMPILER_APPICON_NAME = AppIcon;
				CODE_SIGN_STYLE = Automatic;
				DEVELOPMENT_TEAM = AT4HNWYF4P;
				INFOPLIST_FILE = Noeglen/Info.plist;
				LD_RUNPATH_SEARCH_PATHS = (
					"$(inherited)",
					"@executable_path/Frameworks",
				);
				PRODUCT_BUNDLE_IDENTIFIER = com.carlankjaer.Noeglen;
				PRODUCT_NAME = "$(TARGET_NAME)";
				SWIFT_VERSION = 5.0;
				TARGETED_DEVICE_FAMILY = "1,2";
			};
			name = Release;
		};
/* End XCBuildConfiguration section */

/* Begin XCConfigurationList section */
		41A2FECA233CC613000B4CE1 /* Build configuration list for PBXProject "Noeglen" */ = {
			isa = XCConfigurationList;
			buildConfigurations = (
				41A2FEE1233CC614000B4CE1 /* Debug */,
				41A2FEE2233CC614000B4CE1 /* Release */,
			);
			defaultConfigurationIsVisible = 0;
			defaultConfigurationName = Release;
		};
		41A2FEE3233CC614000B4CE1 /* Build configuration list for PBXNativeTarget "Noeglen" */ = {
			isa = XCConfigurationList;
			buildConfigurations = (
				41A2FEE4233CC614000B4CE1 /* Debug */,
				41A2FEE5233CC614000B4CE1 /* Release */,
			);
			defaultConfigurationIsVisible = 0;
			defaultConfigurationName = Release;
		};
/* End XCConfigurationList section */
	};
	rootObject = 41A2FEC7233CC613000B4CE1 /* Project object */;
}
